// !$*UTF8*$!
{
	archiveVersion = 1;
	classes = {
	};
	objectVersion = 50;
	objects = {

/* Begin PBXBuildFile section */
		3264E06D25629D1600DC74BE /* CalcSurApp.swift in Sources */ = {isa = PBXBuildFile; fileRef = 3264E06C25629D1600DC74BE /* CalcSurApp.swift */; };
		3264E06F25629D1600DC74BE /* ContentView.swift in Sources */ = {isa = PBXBuildFile; fileRef = 3264E06E25629D1600DC74BE /* ContentView.swift */; };
		3264E07125629D1C00DC74BE /* Assets.xcassets in Resources */ = {isa = PBXBuildFile; fileRef = 3264E07025629D1C00DC74BE /* Assets.xcassets */; };
		3264E07425629D1C00DC74BE /* Preview Assets.xcassets in Resources */ = {isa = PBXBuildFile; fileRef = 3264E07325629D1C00DC74BE /* Preview Assets.xcassets */; };
		3264E08025629D1D00DC74BE /* CalcSurTests.swift in Sources */ = {isa = PBXBuildFile; fileRef = 3264E07F25629D1D00DC74BE /* CalcSurTests.swift */; };
		3264E08B25629D1D00DC74BE /* CalcSurUITests.swift in Sources */ = {isa = PBXBuildFile; fileRef = 3264E08A25629D1D00DC74BE /* CalcSurUITests.swift */; };
		3264E0C52562AEEC00DC74BE /* SettingsView.swift in Sources */ = {isa = PBXBuildFile; fileRef = 3264E0C42562AEEC00DC74BE /* SettingsView.swift */; };
/* End PBXBuildFile section */

/* Begin PBXContainerItemProxy section */
		3264E07C25629D1D00DC74BE /* PBXContainerItemProxy */ = {
			isa = PBXContainerItemProxy;
			containerPortal = 3264E06125629D1500DC74BE /* Project object */;
			proxyType = 1;
			remoteGlobalIDString = 3264E06825629D1500DC74BE;
			remoteInfo = CalcSur;
		};
		3264E08725629D1D00DC74BE /* PBXContainerItemProxy */ = {
			isa = PBXContainerItemProxy;
			containerPortal = 3264E06125629D1500DC74BE /* Project object */;
			proxyType = 1;
			remoteGlobalIDString = 3264E06825629D1500DC74BE;
			remoteInfo = CalcSur;
		};
/* End PBXContainerItemProxy section */

/* Begin PBXFileReference section */
		3264E06925629D1600DC74BE /* CalcSur.app */ = {isa = PBXFileReference; explicitFileType = wrapper.application; includeInIndex = 0; path = CalcSur.app; sourceTree = BUILT_PRODUCTS_DIR; };
		3264E06C25629D1600DC74BE /* CalcSurApp.swift */ = {isa = PBXFileReference; lastKnownFileType = sourcecode.swift; path = CalcSurApp.swift; sourceTree = "<group>"; };
		3264E06E25629D1600DC74BE /* ContentView.swift */ = {isa = PBXFileReference; lastKnownFileType = sourcecode.swift; path = ContentView.swift; sourceTree = "<group>"; };
		3264E07025629D1C00DC74BE /* Assets.xcassets */ = {isa = PBXFileReference; lastKnownFileType = folder.assetcatalog; path = Assets.xcassets; sourceTree = "<group>"; };
		3264E07325629D1C00DC74BE /* Preview Assets.xcassets */ = {isa = PBXFileReference; lastKnownFileType = folder.assetcatalog; path = "Preview Assets.xcassets"; sourceTree = "<group>"; };
		3264E07525629D1C00DC74BE /* Info.plist */ = {isa = PBXFileReference; lastKnownFileType = text.plist.xml; path = Info.plist; sourceTree = "<group>"; };
		3264E07625629D1C00DC74BE /* CalcSur.entitlements */ = {isa = PBXFileReference; lastKnownFileType = text.plist.entitlements; path = CalcSur.entitlements; sourceTree = "<group>"; };
		3264E07B25629D1D00DC74BE /* CalcSurTests.xctest */ = {isa = PBXFileReference; explicitFileType = wrapper.cfbundle; includeInIndex = 0; path = CalcSurTests.xctest; sourceTree = BUILT_PRODUCTS_DIR; };
		3264E07F25629D1D00DC74BE /* CalcSurTests.swift */ = {isa = PBXFileReference; lastKnownFileType = sourcecode.swift; path = CalcSurTests.swift; sourceTree = "<group>"; };
		3264E08125629D1D00DC74BE /* Info.plist */ = {isa = PBXFileReference; lastKnownFileType = text.plist.xml; path = Info.plist; sourceTree = "<group>"; };
		3264E08625629D1D00DC74BE /* CalcSurUITests.xctest */ = {isa = PBXFileReference; explicitFileType = wrapper.cfbundle; includeInIndex = 0; path = CalcSurUITests.xctest; sourceTree = BUILT_PRODUCTS_DIR; };
		3264E08A25629D1D00DC74BE /* CalcSurUITests.swift */ = {isa = PBXFileReference; lastKnownFileType = sourcecode.swift; path = CalcSurUITests.swift; sourceTree = "<group>"; };
		3264E08C25629D1D00DC74BE /* Info.plist */ = {isa = PBXFileReference; lastKnownFileType = text.plist.xml; path = Info.plist; sourceTree = "<group>"; };
		3264E0C42562AEEC00DC74BE /* SettingsView.swift */ = {isa = PBXFileReference; lastKnownFileType = sourcecode.swift; path = SettingsView.swift; sourceTree = "<group>"; };
/* End PBXFileReference section */

/* Begin PBXFrameworksBuildPhase section */
		3264E06625629D1500DC74BE /* Frameworks */ = {
			isa = PBXFrameworksBuildPhase;
			buildActionMask = 2147483647;
			files = (
			);
			runOnlyForDeploymentPostprocessing = 0;
		};
		3264E07825629D1D00DC74BE /* Frameworks */ = {
			isa = PBXFrameworksBuildPhase;
			buildActionMask = 2147483647;
			files = (
			);
			runOnlyForDeploymentPostprocessing = 0;
		};
		3264E08325629D1D00DC74BE /* Frameworks */ = {
			isa = PBXFrameworksBuildPhase;
			buildActionMask = 2147483647;
			files = (
			);
			runOnlyForDeploymentPostprocessing = 0;
		};
/* End PBXFrameworksBuildPhase section */

/* Begin PBXGroup section */
		3264E06025629D1500DC74BE = {
			isa = PBXGroup;
			children = (
				3264E06B25629D1600DC74BE /* CalcSur */,
				3264E07E25629D1D00DC74BE /* CalcSurTests */,
				3264E08925629D1D00DC74BE /* CalcSurUITests */,
				3264E06A25629D1600DC74BE /* Products */,
			);
			sourceTree = "<group>";
		};
		3264E06A25629D1600DC74BE /* Products */ = {
			isa = PBXGroup;
			children = (
				3264E06925629D1600DC74BE /* CalcSur.app */,
				3264E07B25629D1D00DC74BE /* CalcSurTests.xctest */,
				3264E08625629D1D00DC74BE /* CalcSurUITests.xctest */,
			);
			name = Products;
			sourceTree = "<group>";
		};
		3264E06B25629D1600DC74BE /* CalcSur */ = {
			isa = PBXGroup;
			children = (
				3264E06C25629D1600DC74BE /* CalcSurApp.swift */,
				3264E06E25629D1600DC74BE /* ContentView.swift */,
				3264E07025629D1C00DC74BE /* Assets.xcassets */,
				3264E07525629D1C00DC74BE /* Info.plist */,
				3264E07625629D1C00DC74BE /* CalcSur.entitlements */,
				3264E07225629D1C00DC74BE /* Preview Content */,
				3264E0C42562AEEC00DC74BE /* SettingsView.swift */,
			);
			path = CalcSur;
			sourceTree = "<group>";
		};
		3264E07225629D1C00DC74BE /* Preview Content */ = {
			isa = PBXGroup;
			children = (
				3264E07325629D1C00DC74BE /* Preview Assets.xcassets */,
			);
			path = "Preview Content";
			sourceTree = "<group>";
		};
		3264E07E25629D1D00DC74BE /* CalcSurTests */ = {
			isa = PBXGroup;
			children = (
				3264E07F25629D1D00DC74BE /* CalcSurTests.swift */,
				3264E08125629D1D00DC74BE /* Info.plist */,
			);
			path = CalcSurTests;
			sourceTree = "<group>";
		};
		3264E08925629D1D00DC74BE /* CalcSurUITests */ = {
			isa = PBXGroup;
			children = (
				3264E08A25629D1D00DC74BE /* CalcSurUITests.swift */,
				3264E08C25629D1D00DC74BE /* Info.plist */,
			);
			path = CalcSurUITests;
			sourceTree = "<group>";
		};
/* End PBXGroup section */

/* Begin PBXNativeTarget section */
		3264E06825629D1500DC74BE /* CalcSur */ = {
			isa = PBXNativeTarget;
			buildConfigurationList = 3264E08F25629D1D00DC74BE /* Build configuration list for PBXNativeTarget "CalcSur" */;
			buildPhases = (
				3264E06525629D1500DC74BE /* Sources */,
				3264E06625629D1500DC74BE /* Frameworks */,
				3264E06725629D1500DC74BE /* Resources */,
			);
			buildRules = (
			);
			dependencies = (
			);
			name = CalcSur;
			productName = CalcSur;
			productReference = 3264E06925629D1600DC74BE /* CalcSur.app */;
			productType = "com.apple.product-type.application";
		};
		3264E07A25629D1D00DC74BE /* CalcSurTests */ = {
			isa = PBXNativeTarget;
			buildConfigurationList = 3264E09225629D1D00DC74BE /* Build configuration list for PBXNativeTarget "CalcSurTests" */;
			buildPhases = (
				3264E07725629D1D00DC74BE /* Sources */,
				3264E07825629D1D00DC74BE /* Frameworks */,
				3264E07925629D1D00DC74BE /* Resources */,
			);
			buildRules = (
			);
			dependencies = (
				3264E07D25629D1D00DC74BE /* PBXTargetDependency */,
			);
			name = CalcSurTests;
			productName = CalcSurTests;
			productReference = 3264E07B25629D1D00DC74BE /* CalcSurTests.xctest */;
			productType = "com.apple.product-type.bundle.unit-test";
		};
		3264E08525629D1D00DC74BE /* CalcSurUITests */ = {
			isa = PBXNativeTarget;
			buildConfigurationList = 3264E09525629D1D00DC74BE /* Build configuration list for PBXNativeTarget "CalcSurUITests" */;
			buildPhases = (
				3264E08225629D1D00DC74BE /* Sources */,
				3264E08325629D1D00DC74BE /* Frameworks */,
				3264E08425629D1D00DC74BE /* Resources */,
			);
			buildRules = (
			);
			dependencies = (
				3264E08825629D1D00DC74BE /* PBXTargetDependency */,
			);
			name = CalcSurUITests;
			productName = CalcSurUITests;
			productReference = 3264E08625629D1D00DC74BE /* CalcSurUITests.xctest */;
			productType = "com.apple.product-type.bundle.ui-testing";
		};
/* End PBXNativeTarget section */

/* Begin PBXProject section */
		3264E06125629D1500DC74BE /* Project object */ = {
			isa = PBXProject;
			attributes = {
				LastSwiftUpdateCheck = 1220;
				LastUpgradeCheck = 1220;
				TargetAttributes = {
					3264E06825629D1500DC74BE = {
						CreatedOnToolsVersion = 12.2;
					};
					3264E07A25629D1D00DC74BE = {
						CreatedOnToolsVersion = 12.2;
						TestTargetID = 3264E06825629D1500DC74BE;
					};
					3264E08525629D1D00DC74BE = {
						CreatedOnToolsVersion = 12.2;
						TestTargetID = 3264E06825629D1500DC74BE;
					};
				};
			};
			buildConfigurationList = 3264E06425629D1500DC74BE /* Build configuration list for PBXProject "CalcSur" */;
			compatibilityVersion = "Xcode 9.3";
			developmentRegion = en;
			hasScannedForEncodings = 0;
			knownRegions = (
				en,
				Base,
			);
			mainGroup = 3264E06025629D1500DC74BE;
			productRefGroup = 3264E06A25629D1600DC74BE /* Products */;
			projectDirPath = "";
			projectRoot = "";
			targets = (
				3264E06825629D1500DC74BE /* CalcSur */,
				3264E07A25629D1D00DC74BE /* CalcSurTests */,
				3264E08525629D1D00DC74BE /* CalcSurUITests */,
			);
		};
/* End PBXProject section */

/* Begin PBXResourcesBuildPhase section */
		3264E06725629D1500DC74BE /* Resources */ = {
			isa = PBXResourcesBuildPhase;
			buildActionMask = 2147483647;
			files = (
				3264E07425629D1C00DC74BE /* Preview Assets.xcassets in Resources */,
				3264E07125629D1C00DC74BE /* Assets.xcassets in Resources */,
			);
			runOnlyForDeploymentPostprocessing = 0;
		};
		3264E07925629D1D00DC74BE /* Resources */ = {
			isa = PBXResourcesBuildPhase;
			buildActionMask = 2147483647;
			files = (
			);
			runOnlyForDeploymentPostprocessing = 0;
		};
		3264E08425629D1D00DC74BE /* Resources */ = {
			isa = PBXResourcesBuildPhase;
			buildActionMask = 2147483647;
			files = (
			);
			runOnlyForDeploymentPostprocessing = 0;
		};
/* End PBXResourcesBuildPhase section */

/* Begin PBXSourcesBuildPhase section */
		3264E06525629D1500DC74BE /* Sources */ = {
			isa = PBXSourcesBuildPhase;
			buildActionMask = 2147483647;
			files = (
				3264E0C52562AEEC00DC74BE /* SettingsView.swift in Sources */,
				3264E06F25629D1600DC74BE /* ContentView.swift in Sources */,
				3264E06D25629D1600DC74BE /* CalcSurApp.swift in Sources */,
			);
			runOnlyForDeploymentPostprocessing = 0;
		};
		3264E07725629D1D00DC74BE /* Sources */ = {
			isa = PBXSourcesBuildPhase;
			buildActionMask = 2147483647;
			files = (
				3264E08025629D1D00DC74BE /* CalcSurTests.swift in Sources */,
			);
			runOnlyForDeploymentPostprocessing = 0;
		};
		3264E08225629D1D00DC74BE /* Sources */ = {
			isa = PBXSourcesBuildPhase;
			buildActionMask = 2147483647;
			files = (
				3264E08B25629D1D00DC74BE /* CalcSurUITests.swift in Sources */,
			);
			runOnlyForDeploymentPostprocessing = 0;
		};
/* End PBXSourcesBuildPhase section */

/* Begin PBXTargetDependency section */
		3264E07D25629D1D00DC74BE /* PBXTargetDependency */ = {
			isa = PBXTargetDependency;
			target = 3264E06825629D1500DC74BE /* CalcSur */;
			targetProxy = 3264E07C25629D1D00DC74BE /* PBXContainerItemProxy */;
		};
		3264E08825629D1D00DC74BE /* PBXTargetDependency */ = {
			isa = PBXTargetDependency;
			target = 3264E06825629D1500DC74BE /* CalcSur */;
			targetProxy = 3264E08725629D1D00DC74BE /* PBXContainerItemProxy */;
		};
/* End PBXTargetDependency section */

/* Begin XCBuildConfiguration section */
		3264E08D25629D1D00DC74BE /* Debug */ = {
			isa = XCBuildConfiguration;
			buildSettings = {
				ALWAYS_SEARCH_USER_PATHS = NO;
				CLANG_ANALYZER_NONNULL = YES;
				CLANG_ANALYZER_NUMBER_OBJECT_CONVERSION = YES_AGGRESSIVE;
				CLANG_CXX_LANGUAGE_STANDARD = "gnu++14";
				CLANG_CXX_LIBRARY = "libc++";
				CLANG_ENABLE_MODULES = YES;
				CLANG_ENABLE_OBJC_ARC = YES;
				CLANG_ENABLE_OBJC_WEAK = YES;
				CLANG_WARN_BLOCK_CAPTURE_AUTORELEASING = YES;
				CLANG_WARN_BOOL_CONVERSION = YES;
				CLANG_WARN_COMMA = YES;
				CLANG_WARN_CONSTANT_CONVERSION = YES;
				CLANG_WARN_DEPRECATED_OBJC_IMPLEMENTATIONS = YES;
				CLANG_WARN_DIRECT_OBJC_ISA_USAGE = YES_ERROR;
				CLANG_WARN_DOCUMENTATION_COMMENTS = YES;
				CLANG_WARN_EMPTY_BODY = YES;
				CLANG_WARN_ENUM_CONVERSION = YES;
				CLANG_WARN_INFINITE_RECURSION = YES;
				CLANG_WARN_INT_CONVERSION = YES;
				CLANG_WARN_NON_LITERAL_NULL_CONVERSION = YES;
				CLANG_WARN_OBJC_IMPLICIT_RETAIN_SELF = YES;
				CLANG_WARN_OBJC_LITERAL_CONVERSION = YES;
				CLANG_WARN_OBJC_ROOT_CLASS = YES_ERROR;
				CLANG_WARN_QUOTED_INCLUDE_IN_FRAMEWORK_HEADER = YES;
				CLANG_WARN_RANGE_LOOP_ANALYSIS = YES;
				CLANG_WARN_STRICT_PROTOTYPES = YES;
				CLANG_WARN_SUSPICIOUS_MOVE = YES;
				CLANG_WARN_UNGUARDED_AVAILABILITY = YES_AGGRESSIVE;
				CLANG_WARN_UNREACHABLE_CODE = YES;
				CLANG_WARN__DUPLICATE_METHOD_MATCH = YES;
				COPY_PHASE_STRIP = NO;
				DEBUG_INFORMATION_FORMAT = dwarf;
				ENABLE_STRICT_OBJC_MSGSEND = YES;
				ENABLE_TESTABILITY = YES;
				GCC_C_LANGUAGE_STANDARD = gnu11;
				GCC_DYNAMIC_NO_PIC = NO;
				GCC_NO_COMMON_BLOCKS = YES;
				GCC_OPTIMIZATION_LEVEL = 0;
				GCC_PREPROCESSOR_DEFINITIONS = (
					"DEBUG=1",
					"$(inherited)",
				);
				GCC_WARN_64_TO_32_BIT_CONVERSION = YES;
				GCC_WARN_ABOUT_RETURN_TYPE = YES_ERROR;
				GCC_WARN_UNDECLARED_SELECTOR = YES;
				GCC_WARN_UNINITIALIZED_AUTOS = YES_AGGRESSIVE;
				GCC_WARN_UNUSED_FUNCTION = YES;
				GCC_WARN_UNUSED_VARIABLE = YES;
				MACOSX_DEPLOYMENT_TARGET = 11.0;
				MTL_ENABLE_DEBUG_INFO = INCLUDE_SOURCE;
				MTL_FAST_MATH = YES;
				ONLY_ACTIVE_ARCH = YES;
				SDKROOT = macosx;
				SWIFT_ACTIVE_COMPILATION_CONDITIONS = DEBUG;
				SWIFT_OPTIMIZATION_LEVEL = "-Onone";
			};
			name = Debug;
		};
		3264E08E25629D1D00DC74BE /* Release */ = {
			isa = XCBuildConfiguration;
			buildSettings = {
				ALWAYS_SEARCH_USER_PATHS = NO;
				CLANG_ANALYZER_NONNULL = YES;
				CLANG_ANALYZER_NUMBER_OBJECT_CONVERSION = YES_AGGRESSIVE;
				CLANG_CXX_LANGUAGE_STANDARD = "gnu++14";
				CLANG_CXX_LIBRARY = "libc++";
				CLANG_ENABLE_MODULES = YES;
				CLANG_ENABLE_OBJC_ARC = YES;
				CLANG_ENABLE_OBJC_WEAK = YES;
				CLANG_WARN_BLOCK_CAPTURE_AUTORELEASING = YES;
				CLANG_WARN_BOOL_CONVERSION = YES;
				CLANG_WARN_COMMA = YES;
				CLANG_WARN_CONSTANT_CONVERSION = YES;
				CLANG_WARN_DEPRECATED_OBJC_IMPLEMENTATIONS = YES;
				CLANG_WARN_DIRECT_OBJC_ISA_USAGE = YES_ERROR;
				CLANG_WARN_DOCUMENTATION_COMMENTS = YES;
				CLANG_WARN_EMPTY_BODY = YES;
				CLANG_WARN_ENUM_CONVERSION = YES;
				CLANG_WARN_INFINITE_RECURSION = YES;
				CLANG_WARN_INT_CONVERSION = YES;
				CLANG_WARN_NON_LITERAL_NULL_CONVERSION = YES;
				CLANG_WARN_OBJC_IMPLICIT_RETAIN_SELF = YES;
				CLANG_WARN_OBJC_LITERAL_CONVERSION = YES;
				CLANG_WARN_OBJC_ROOT_CLASS = YES_ERROR;
				CLANG_WARN_QUOTED_INCLUDE_IN_FRAMEWORK_HEADER = YES;
				CLANG_WARN_RANGE_LOOP_ANALYSIS = YES;
				CLANG_WARN_STRICT_PROTOTYPES = YES;
				CLANG_WARN_SUSPICIOUS_MOVE = YES;
				CLANG_WARN_UNGUARDED_AVAILABILITY = YES_AGGRESSIVE;
				CLANG_WARN_UNREACHABLE_CODE = YES;
				CLANG_WARN__DUPLICATE_METHOD_MATCH = YES;
				COPY_PHASE_STRIP = NO;
				DEBUG_INFORMATION_FORMAT = "dwarf-with-dsym";
				ENABLE_NS_ASSERTIONS = NO;
				ENABLE_STRICT_OBJC_MSGSEND = YES;
				GCC_C_LANGUAGE_STANDARD = gnu11;
				GCC_NO_COMMON_BLOCKS = YES;
				GCC_WARN_64_TO_32_BIT_CONVERSION = YES;
				GCC_WARN_ABOUT_RETURN_TYPE = YES_ERROR;
				GCC_WARN_UNDECLARED_SELECTOR = YES;
				GCC_WARN_UNINITIALIZED_AUTOS = YES_AGGRESSIVE;
				GCC_WARN_UNUSED_FUNCTION = YES;
				GCC_WARN_UNUSED_VARIABLE = YES;
				MACOSX_DEPLOYMENT_TARGET = 11.0;
				MTL_ENABLE_DEBUG_INFO = NO;
				MTL_FAST_MATH = YES;
				SDKROOT = macosx;
				SWIFT_COMPILATION_MODE = wholemodule;
				SWIFT_OPTIMIZATION_LEVEL = "-O";
			};
			name = Release;
		};
		3264E09025629D1D00DC74BE /* Debug */ = {
			isa = XCBuildConfiguration;
			buildSettings = {
				ASSETCATALOG_COMPILER_APPICON_NAME = AppIcon;
				ASSETCATALOG_COMPILER_GLOBAL_ACCENT_COLOR_NAME = AccentColor;
				CODE_SIGN_ENTITLEMENTS = CalcSur/CalcSur.entitlements;
				CODE_SIGN_STYLE = Automatic;
				COMBINE_HIDPI_IMAGES = YES;
				DEVELOPMENT_ASSET_PATHS = "\"CalcSur/Preview Content\"";
				DEVELOPMENT_TEAM = 65G82JSHP5;
				ENABLE_HARDENED_RUNTIME = YES;
				ENABLE_PREVIEWS = YES;
				INFOPLIST_FILE = CalcSur/Info.plist;
				LD_RUNPATH_SEARCH_PATHS = (
					"$(inherited)",
					"@executable_path/../Frameworks",
				);
				MACOSX_DEPLOYMENT_TARGET = 11.0;
				PRODUCT_BUNDLE_IDENTIFIER = sbi.xyz.CalcSur;
				PRODUCT_NAME = "$(TARGET_NAME)";
				SWIFT_VERSION = 5.0;
			};
			name = Debug;
		};
		3264E09125629D1D00DC74BE /* Release */ = {
			isa = XCBuildConfiguration;
			buildSettings = {
				ASSETCATALOG_COMPILER_APPICON_NAME = AppIcon;
				ASSETCATALOG_COMPILER_GLOBAL_ACCENT_COLOR_NAME = AccentColor;
				CODE_SIGN_ENTITLEMENTS = CalcSur/CalcSur.entitlements;
				CODE_SIGN_STYLE = Automatic;
				COMBINE_HIDPI_IMAGES = YES;
				DEVELOPMENT_ASSET_PATHS = "\"CalcSur/Preview Content\"";
				DEVELOPMENT_TEAM = 65G82JSHP5;
				ENABLE_HARDENED_RUNTIME = YES;
				ENABLE_PREVIEWS = YES;
				INFOPLIST_FILE = CalcSur/Info.plist;
				LD_RUNPATH_SEARCH_PATHS = (
					"$(inherited)",
					"@executable_path/../Frameworks",
				);
				MACOSX_DEPLOYMENT_TARGET = 11.0;
				PRODUCT_BUNDLE_IDENTIFIER = sbi.xyz.CalcSur;
				PRODUCT_NAME = "$(TARGET_NAME)";
				SWIFT_VERSION = 5.0;
			};
			name = Release;
		};
		3264E09325629D1D00DC74BE /* Debug */ = {
			isa = XCBuildConfiguration;
			buildSettings = {
				ALWAYS_EMBED_SWIFT_STANDARD_LIBRARIES = YES;
				BUNDLE_LOADER = "$(TEST_HOST)";
				CODE_SIGN_STYLE = Automatic;
				COMBINE_HIDPI_IMAGES = YES;
				DEVELOPMENT_TEAM = 65G82JSHP5;
				INFOPLIST_FILE = CalcSurTests/Info.plist;
				LD_RUNPATH_SEARCH_PATHS = (
					"$(inherited)",
					"@executable_path/../Frameworks",
					"@loader_path/../Frameworks",
				);
				MACOSX_DEPLOYMENT_TARGET = 11.0;
				PRODUCT_BUNDLE_IDENTIFIER = sbi.xyz.CalcSurTests;
				PRODUCT_NAME = "$(TARGET_NAME)";
				SWIFT_VERSION = 5.0;
				TEST_HOST = "$(BUILT_PRODUCTS_DIR)/CalcSur.app/Contents/MacOS/CalcSur";
			};
			name = Debug;
		};
		3264E09425629D1D00DC74BE /* Release */ = {
			isa = XCBuildConfiguration;
			buildSettings = {
				ALWAYS_EMBED_SWIFT_STANDARD_LIBRARIES = YES;
				BUNDLE_LOADER = "$(TEST_HOST)";
				CODE_SIGN_STYLE = Automatic;
				COMBINE_HIDPI_IMAGES = YES;
				DEVELOPMENT_TEAM = 65G82JSHP5;
				INFOPLIST_FILE = CalcSurTests/Info.plist;
				LD_RUNPATH_SEARCH_PATHS = (
					"$(inherited)",
					"@executable_path/../Frameworks",
					"@loader_path/../Frameworks",
				);
				MACOSX_DEPLOYMENT_TARGET = 11.0;
				PRODUCT_BUNDLE_IDENTIFIER = sbi.xyz.CalcSurTests;
				PRODUCT_NAME = "$(TARGET_NAME)";
				SWIFT_VERSION = 5.0;
				TEST_HOST = "$(BUILT_PRODUCTS_DIR)/CalcSur.app/Contents/MacOS/CalcSur";
			};
			name = Release;
		};
		3264E09625629D1D00DC74BE /* Debug */ = {
			isa = XCBuildConfiguration;
			buildSettings = {
				ALWAYS_EMBED_SWIFT_STANDARD_LIBRARIES = YES;
				CODE_SIGN_STYLE = Automatic;
				COMBINE_HIDPI_IMAGES = YES;
				DEVELOPMENT_TEAM = 65G82JSHP5;
				INFOPLIST_FILE = CalcSurUITests/Info.plist;
				LD_RUNPATH_SEARCH_PATHS = (
					"$(inherited)",
					"@executable_path/../Frameworks",
					"@loader_path/../Frameworks",
				);
				PRODUCT_BUNDLE_IDENTIFIER = sbi.xyz.CalcSurUITests;
				PRODUCT_NAME = "$(TARGET_NAME)";
				SWIFT_VERSION = 5.0;
				TEST_TARGET_NAME = CalcSur;
			};
			name = Debug;
		};
		3264E09725629D1D00DC74BE /* Release */ = {
			isa = XCBuildConfiguration;
			buildSettings = {
				ALWAYS_EMBED_SWIFT_STANDARD_LIBRARIES = YES;
				CODE_SIGN_STYLE = Automatic;
				COMBINE_HIDPI_IMAGES = YES;
				DEVELOPMENT_TEAM = 65G82JSHP5;
				INFOPLIST_FILE = CalcSurUITests/Info.plist;
				LD_RUNPATH_SEARCH_PATHS = (
					"$(inherited)",
					"@executable_path/../Frameworks",
					"@loader_path/../Frameworks",
				);
				PRODUCT_BUNDLE_IDENTIFIER = sbi.xyz.CalcSurUITests;
				PRODUCT_NAME = "$(TARGET_NAME)";
				SWIFT_VERSION = 5.0;
				TEST_TARGET_NAME = CalcSur;
			};
			name = Release;
		};
/* End XCBuildConfiguration section */

/* Begin XCConfigurationList section */
		3264E06425629D1500DC74BE /* Build configuration list for PBXProject "CalcSur" */ = {
			isa = XCConfigurationList;
			buildConfigurations = (
				3264E08D25629D1D00DC74BE /* Debug */,
				3264E08E25629D1D00DC74BE /* Release */,
			);
			defaultConfigurationIsVisible = 0;
			defaultConfigurationName = Release;
		};
		3264E08F25629D1D00DC74BE /* Build configuration list for PBXNativeTarget "CalcSur" */ = {
			isa = XCConfigurationList;
			buildConfigurations = (
				3264E09025629D1D00DC74BE /* Debug */,
				3264E09125629D1D00DC74BE /* Release */,
			);
			defaultConfigurationIsVisible = 0;
			defaultConfigurationName = Release;
		};
		3264E09225629D1D00DC74BE /* Build configuration list for PBXNativeTarget "CalcSurTests" */ = {
			isa = XCConfigurationList;
			buildConfigurations = (
				3264E09325629D1D00DC74BE /* Debug */,
				3264E09425629D1D00DC74BE /* Release */,
			);
			defaultConfigurationIsVisible = 0;
			defaultConfigurationName = Release;
		};
		3264E09525629D1D00DC74BE /* Build configuration list for PBXNativeTarget "CalcSurUITests" */ = {
			isa = XCConfigurationList;
			buildConfigurations = (
				3264E09625629D1D00DC74BE /* Debug */,
				3264E09725629D1D00DC74BE /* Release */,
			);
			defaultConfigurationIsVisible = 0;
			defaultConfigurationName = Release;
		};
/* End XCConfigurationList section */
	};
	rootObject = 3264E06125629D1500DC74BE /* Project object */;
}
